
Microsoft Visual Studio Solution File, Format Version 12.00
# Visual Studio Version 17
VisualStudioVersion = 17.9.34701.34
MinimumVisualStudioVersion = 10.0.40219.1
Project("{FAE04EC0-301F-11D3-BF4B-00C04F79EFBC}") = "CabManagement", "CabManagement\CabManagement.csproj", "{4CAC2B90-BC0F-4BBA-A9A0-BD1CAC84E456}"
EndProject
Global
	GlobalSection(SolutionConfigurationPlatforms) = preSolution
		Debug|Any CPU = Debug|Any CPU
		Release|Any CPU = Release|Any CPU
	EndGlobalSection
	GlobalSection(ProjectConfigurationPlatforms) = postSolution
		{4CAC2B90-BC0F-4BBA-A9A0-BD1CAC84E456}.Debug|Any CPU.ActiveCfg = Debug|Any CPU
		{4CAC2B90-BC0F-4BBA-A9A0-BD1CAC84E456}.Debug|Any CPU.Build.0 = Debug|Any CPU
		{4CAC2B90-BC0F-4BBA-A9A0-BD1CAC84E456}.Release|Any CPU.ActiveCfg = Release|Any CPU
		{4CAC2B90-BC0F-4BBA-A9A0-BD1CAC84E456}.Release|Any CPU.Build.0 = Release|Any CPU
	EndGlobalSection
	GlobalSection(SolutionProperties) = preSolution
		HideSolutionNode = FALSE
	EndGlobalSection
	GlobalSection(ExtensibilityGlobals) = postSolution
		SolutionGuid = {72239BA1-9EF5-4415-8CCC-255D4A34BF19}
	EndGlobalSection
EndGlobal
